{
  "name": "memory-state",
  "version": "1.0.1",
  "lockfileVersion": 3,
  "requires": true,
  "packages": {
    "": {
      "name": "memory-state",
      "version": "1.0.1",
      "license": "ISC",
      "dependencies": {
        "memory-state": "^1.0.1"
      }
    },
    "node_modules/memory-state": {
      "version": "1.0.1",
      "resolved": "https://registry.npmjs.org/memory-state/-/memory-state-1.0.1.tgz",
      "integrity": "sha512-HnT+tbyIe7RQJ/g0qoK8yG2i44F38UokJ3iPU49xM7gBJW8IFwjPVG0qZKuH1IrD8yEzc4OpNcjaYMGJLwXZAw=="
    }
  }
}
